
Microsoft Visual Studio Solution File, Format Version 12.00
# Visual Studio Version 17
VisualStudioVersion = 17.9.34723.18
MinimumVisualStudioVersion = 10.0.40219.1
Project("{FAE04EC0-301F-11D3-BF4B-00C04F79EFBC}") = "IsListesi", "IsListesi.csproj", "{EA7CB5D2-B7AB-408D-BAEA-C8D22380A8E4}"
EndProject
Global
	GlobalSection(SolutionConfigurationPlatforms) = preSolution
		Debug|Any CPU = Debug|Any CPU
		Release|Any CPU = Release|Any CPU
	EndGlobalSection
	GlobalSection(ProjectConfigurationPlatforms) = postSolution
		{EA7CB5D2-B7AB-408D-BAEA-C8D22380A8E4}.Debug|Any CPU.ActiveCfg = Debug|Any CPU
		{EA7CB5D2-B7AB-408D-BAEA-C8D22380A8E4}.Debug|Any CPU.Build.0 = Debug|Any CPU
		{EA7CB5D2-B7AB-408D-BAEA-C8D22380A8E4}.Release|Any CPU.ActiveCfg = Release|Any CPU
		{EA7CB5D2-B7AB-408D-BAEA-C8D22380A8E4}.Release|Any CPU.Build.0 = Release|Any CPU
	EndGlobalSection
	GlobalSection(SolutionProperties) = preSolution
		HideSolutionNode = FALSE
	EndGlobalSection
	GlobalSection(ExtensibilityGlobals) = postSolution
		SolutionGuid = {EF059BBF-A0AA-4C2E-9FB1-B7D7F755B69E}
	EndGlobalSection
EndGlobal
